
Microsoft Visual Studio Solution File, Format Version 12.00
# Visual Studio Version 17
VisualStudioVersion = 17.9.34321.82
MinimumVisualStudioVersion = 10.0.40219.1
Project("{9A19103F-16F7-4668-BE54-9A1E7A4F7556}") = "NoPrint.Shops.Domain", "NoPrint.Shop.Domein\NoPrint.Shops.Domain.csproj", "{E39D5E3A-CC40-40C8-8644-64BF4CC2E9FB}"
EndProject
Project("{9A19103F-16F7-4668-BE54-9A1E7A4F7556}") = "NoPrint.Invoices.Domain", "NoPrint.Invoice.Domain\NoPrint.Invoices.Domain.csproj", "{2DD7EF5C-CD31-4DD5-A47B-706122AFA728}"
EndProject
Project("{9A19103F-16F7-4668-BE54-9A1E7A4F7556}") = "NoPrint.Framework", "NoPrint.Framework\NoPrint.Framework.csproj", "{8DC287E9-085C-48CD-BE7A-F457EEE8B309}"
EndProject
Project("{9A19103F-16F7-4668-BE54-9A1E7A4F7556}") = "NoPrint.Customers.Domain", "NoPrint.Customer.Domain\NoPrint.Customers.Domain.csproj", "{7EF4CC86-65B0-4B01-8DB3-2759DC16E04E}"
EndProject
Project("{9A19103F-16F7-4668-BE54-9A1E7A4F7556}") = "NoPrint.Ef", "NoPrint.Ef\NoPrint.Ef.csproj", "{24E52A38-D57E-4479-9AD8-828D9AE3648A}"
EndProject
Project("{9A19103F-16F7-4668-BE54-9A1E7A4F7556}") = "NoPrint.Identity.Share", "Noprint.Identity.Share\NoPrint.Identity.Share.csproj", "{277F53B1-38E8-4F0F-AD64-520D2D6039F4}"
EndProject
Project("{9A19103F-16F7-4668-BE54-9A1E7A4F7556}") = "NoPrint.Users.Domain", "NoPrint.Users.Domain\NoPrint.Users.Domain.csproj", "{D3AF9391-345A-42DA-AEE9-083D48CBD19F}"
EndProject
Project("{2150E333-8FDC-42A3-9474-1A3956D46DE8}") = "Domain", "Domain", "{F5D40B6F-835A-47CB-BC18-5C98BB2D3528}"
EndProject
Project("{2150E333-8FDC-42A3-9474-1A3956D46DE8}") = "Application", "Application", "{7C73183F-46D2-4E8C-BD56-DBF6591A39C1}"
EndProject
Project("{2150E333-8FDC-42A3-9474-1A3956D46DE8}") = "Presentation", "Presentation", "{A5C4C3A9-D48E-42CF-A56C-2087BEFF45F7}"
EndProject
Project("{9A19103F-16F7-4668-BE54-9A1E7A4F7556}") = "NoPrint.Api", "NoPrint.Api\NoPrint.Api.csproj", "{47F6D932-D3B5-4F78-802F-11917BAFE2D3}"
EndProject
Project("{9A19103F-16F7-4668-BE54-9A1E7A4F7556}") = "NoPrint.Application.Services", "NoPrint.Application.Services\NoPrint.Application.Services.csproj", "{5F75475F-1ABC-46A8-864B-91D2E7DB07BB}"
EndProject
Project("{9A19103F-16F7-4668-BE54-9A1E7A4F7556}") = "NoPrint.Application.CommandsAndQueries", "NoPrint.Application.CommandsAndQueries\NoPrint.Application.CommandsAndQueries.csproj", "{56DE5F4D-95F7-41DA-9143-3AFBB98E5676}"
EndProject
Project("{FAE04EC0-301F-11D3-BF4B-00C04F79EFBC}") = "NoPrint.Users.Share", "NoPrint.User.Service\NoPrint.Users.Share.csproj", "{9AEC0A1E-D33D-4887-8EE3-E30E82019A17}"
EndProject
Global
	GlobalSection(SolutionConfigurationPlatforms) = preSolution
		Debug|Any CPU = Debug|Any CPU
		Release|Any CPU = Release|Any CPU
	EndGlobalSection
	GlobalSection(ProjectConfigurationPlatforms) = postSolution
		{E39D5E3A-CC40-40C8-8644-64BF4CC2E9FB}.Debug|Any CPU.ActiveCfg = Debug|Any CPU
		{E39D5E3A-CC40-40C8-8644-64BF4CC2E9FB}.Debug|Any CPU.Build.0 = Debug|Any CPU
		{E39D5E3A-CC40-40C8-8644-64BF4CC2E9FB}.Release|Any CPU.ActiveCfg = Release|Any CPU
		{E39D5E3A-CC40-40C8-8644-64BF4CC2E9FB}.Release|Any CPU.Build.0 = Release|Any CPU
		{2DD7EF5C-CD31-4DD5-A47B-706122AFA728}.Debug|Any CPU.ActiveCfg = Debug|Any CPU
		{2DD7EF5C-CD31-4DD5-A47B-706122AFA728}.Debug|Any CPU.Build.0 = Debug|Any CPU
		{2DD7EF5C-CD31-4DD5-A47B-706122AFA728}.Release|Any CPU.ActiveCfg = Release|Any CPU
		{2DD7EF5C-CD31-4DD5-A47B-706122AFA728}.Release|Any CPU.Build.0 = Release|Any CPU
		{8DC287E9-085C-48CD-BE7A-F457EEE8B309}.Debug|Any CPU.ActiveCfg = Debug|Any CPU
		{8DC287E9-085C-48CD-BE7A-F457EEE8B309}.Debug|Any CPU.Build.0 = Debug|Any CPU
		{8DC287E9-085C-48CD-BE7A-F457EEE8B309}.Release|Any CPU.ActiveCfg = Release|Any CPU
		{8DC287E9-085C-48CD-BE7A-F457EEE8B309}.Release|Any CPU.Build.0 = Release|Any CPU
		{7EF4CC86-65B0-4B01-8DB3-2759DC16E04E}.Debug|Any CPU.ActiveCfg = Debug|Any CPU
		{7EF4CC86-65B0-4B01-8DB3-2759DC16E04E}.Debug|Any CPU.Build.0 = Debug|Any CPU
		{7EF4CC86-65B0-4B01-8DB3-2759DC16E04E}.Release|Any CPU.ActiveCfg = Release|Any CPU
		{7EF4CC86-65B0-4B01-8DB3-2759DC16E04E}.Release|Any CPU.Build.0 = Release|Any CPU
		{24E52A38-D57E-4479-9AD8-828D9AE3648A}.Debug|Any CPU.ActiveCfg = Debug|Any CPU
		{24E52A38-D57E-4479-9AD8-828D9AE3648A}.Debug|Any CPU.Build.0 = Debug|Any CPU
		{24E52A38-D57E-4479-9AD8-828D9AE3648A}.Release|Any CPU.ActiveCfg = Release|Any CPU
		{24E52A38-D57E-4479-9AD8-828D9AE3648A}.Release|Any CPU.Build.0 = Release|Any CPU
		{277F53B1-38E8-4F0F-AD64-520D2D6039F4}.Debug|Any CPU.ActiveCfg = Debug|Any CPU
		{277F53B1-38E8-4F0F-AD64-520D2D6039F4}.Debug|Any CPU.Build.0 = Debug|Any CPU
		{277F53B1-38E8-4F0F-AD64-520D2D6039F4}.Release|Any CPU.ActiveCfg = Release|Any CPU
		{277F53B1-38E8-4F0F-AD64-520D2D6039F4}.Release|Any CPU.Build.0 = Release|Any CPU
		{D3AF9391-345A-42DA-AEE9-083D48CBD19F}.Debug|Any CPU.ActiveCfg = Debug|Any CPU
		{D3AF9391-345A-42DA-AEE9-083D48CBD19F}.Debug|Any CPU.Build.0 = Debug|Any CPU
		{D3AF9391-345A-42DA-AEE9-083D48CBD19F}.Release|Any CPU.ActiveCfg = Release|Any CPU
		{D3AF9391-345A-42DA-AEE9-083D48CBD19F}.Release|Any CPU.Build.0 = Release|Any CPU
		{47F6D932-D3B5-4F78-802F-11917BAFE2D3}.Debug|Any CPU.ActiveCfg = Debug|Any CPU
		{47F6D932-D3B5-4F78-802F-11917BAFE2D3}.Debug|Any CPU.Build.0 = Debug|Any CPU
		{47F6D932-D3B5-4F78-802F-11917BAFE2D3}.Release|Any CPU.ActiveCfg = Release|Any CPU
		{47F6D932-D3B5-4F78-802F-11917BAFE2D3}.Release|Any CPU.Build.0 = Release|Any CPU
		{5F75475F-1ABC-46A8-864B-91D2E7DB07BB}.Debug|Any CPU.ActiveCfg = Debug|Any CPU
		{5F75475F-1ABC-46A8-864B-91D2E7DB07BB}.Debug|Any CPU.Build.0 = Debug|Any CPU
		{5F75475F-1ABC-46A8-864B-91D2E7DB07BB}.Release|Any CPU.ActiveCfg = Release|Any CPU
		{5F75475F-1ABC-46A8-864B-91D2E7DB07BB}.Release|Any CPU.Build.0 = Release|Any CPU
		{56DE5F4D-95F7-41DA-9143-3AFBB98E5676}.Debug|Any CPU.ActiveCfg = Debug|Any CPU
		{56DE5F4D-95F7-41DA-9143-3AFBB98E5676}.Debug|Any CPU.Build.0 = Debug|Any CPU
		{56DE5F4D-95F7-41DA-9143-3AFBB98E5676}.Release|Any CPU.ActiveCfg = Release|Any CPU
		{56DE5F4D-95F7-41DA-9143-3AFBB98E5676}.Release|Any CPU.Build.0 = Release|Any CPU
		{9AEC0A1E-D33D-4887-8EE3-E30E82019A17}.Debug|Any CPU.ActiveCfg = Debug|Any CPU
		{9AEC0A1E-D33D-4887-8EE3-E30E82019A17}.Debug|Any CPU.Build.0 = Debug|Any CPU
		{9AEC0A1E-D33D-4887-8EE3-E30E82019A17}.Release|Any CPU.ActiveCfg = Release|Any CPU
		{9AEC0A1E-D33D-4887-8EE3-E30E82019A17}.Release|Any CPU.Build.0 = Release|Any CPU
	EndGlobalSection
	GlobalSection(SolutionProperties) = preSolution
		HideSolutionNode = FALSE
	EndGlobalSection
	GlobalSection(NestedProjects) = preSolution
		{E39D5E3A-CC40-40C8-8644-64BF4CC2E9FB} = {F5D40B6F-835A-47CB-BC18-5C98BB2D3528}
		{2DD7EF5C-CD31-4DD5-A47B-706122AFA728} = {F5D40B6F-835A-47CB-BC18-5C98BB2D3528}
		{8DC287E9-085C-48CD-BE7A-F457EEE8B309} = {F5D40B6F-835A-47CB-BC18-5C98BB2D3528}
		{7EF4CC86-65B0-4B01-8DB3-2759DC16E04E} = {F5D40B6F-835A-47CB-BC18-5C98BB2D3528}
		{24E52A38-D57E-4479-9AD8-828D9AE3648A} = {7C73183F-46D2-4E8C-BD56-DBF6591A39C1}
		{277F53B1-38E8-4F0F-AD64-520D2D6039F4} = {F5D40B6F-835A-47CB-BC18-5C98BB2D3528}
		{D3AF9391-345A-42DA-AEE9-083D48CBD19F} = {F5D40B6F-835A-47CB-BC18-5C98BB2D3528}
		{47F6D932-D3B5-4F78-802F-11917BAFE2D3} = {A5C4C3A9-D48E-42CF-A56C-2087BEFF45F7}
		{5F75475F-1ABC-46A8-864B-91D2E7DB07BB} = {7C73183F-46D2-4E8C-BD56-DBF6591A39C1}
		{56DE5F4D-95F7-41DA-9143-3AFBB98E5676} = {7C73183F-46D2-4E8C-BD56-DBF6591A39C1}
		{9AEC0A1E-D33D-4887-8EE3-E30E82019A17} = {F5D40B6F-835A-47CB-BC18-5C98BB2D3528}
	EndGlobalSection
	GlobalSection(ExtensibilityGlobals) = postSolution
		SolutionGuid = {15BA3B4A-580A-4115-9145-088FEB9D080C}
	EndGlobalSection
EndGlobal
